
Microsoft Visual Studio Solution File, Format Version 12.00
# Visual Studio Version 17
VisualStudioVersion = 17.12.35728.132
MinimumVisualStudioVersion = 10.0.40219.1
Project("{2150E333-8FDC-42A3-9474-1A3956D46DE8}") = "src", "src", "{D5968CD1-0A73-4FAD-8471-50D9EB4C32AE}"
EndProject
Project("{2150E333-8FDC-42A3-9474-1A3956D46DE8}") = "tests", "tests", "{F9E0DDD7-627B-431F-A4AC-58DD20BAD5A5}"
EndProject
Project("{FAE04EC0-301F-11D3-BF4B-00C04F79EFBC}") = "CashFlow.API", "src\CashFlow.API\CashFlow.API.csproj", "{0130EE10-23A8-4A15-9ADA-41A95DAA63B8}"
EndProject
Project("{FAE04EC0-301F-11D3-BF4B-00C04F79EFBC}") = "CashFlow.Domain", "src\CashFlow.Domain\CashFlow.Domain.csproj", "{7E1FF39A-12B0-4004-ADF2-1623D15C2BFE}"
EndProject
Project("{FAE04EC0-301F-11D3-BF4B-00C04F79EFBC}") = "CashFlow.Application", "src\CashFlow.Application\CashFlow.Application.csproj", "{74F0FA60-110A-45DC-BAF3-4017A67EEF98}"
EndProject
Project("{FAE04EC0-301F-11D3-BF4B-00C04F79EFBC}") = "CashFlow.Communication", "src\CashFlow.Communication\CashFlow.Communication.csproj", "{5984D456-7F7A-4CDE-82D4-5FA18E568648}"
EndProject
Project("{FAE04EC0-301F-11D3-BF4B-00C04F79EFBC}") = "CashFlow.Infraestructure", "src\CashFlow.Infraestructure\CashFlow.Infraestructure.csproj", "{82D64166-366F-4AD5-A8C7-C6E52376B020}"
	ProjectSection(ProjectDependencies) = postProject
		{0130EE10-23A8-4A15-9ADA-41A95DAA63B8} = {0130EE10-23A8-4A15-9ADA-41A95DAA63B8}
		{7E1FF39A-12B0-4004-ADF2-1623D15C2BFE} = {7E1FF39A-12B0-4004-ADF2-1623D15C2BFE}
	EndProjectSection
EndProject
Project("{FAE04EC0-301F-11D3-BF4B-00C04F79EFBC}") = "CashFlow.Exceptions", "src\CashFlow.Exceptions\CashFlow.Exceptions.csproj", "{5D4BD46F-81D5-4755-9C37-EAA5AF952291}"
EndProject
Global
	GlobalSection(SolutionConfigurationPlatforms) = preSolution
		Debug|Any CPU = Debug|Any CPU
		Release|Any CPU = Release|Any CPU
	EndGlobalSection
	GlobalSection(ProjectConfigurationPlatforms) = postSolution
		{0130EE10-23A8-4A15-9ADA-41A95DAA63B8}.Debug|Any CPU.ActiveCfg = Debug|Any CPU
		{0130EE10-23A8-4A15-9ADA-41A95DAA63B8}.Debug|Any CPU.Build.0 = Debug|Any CPU
		{0130EE10-23A8-4A15-9ADA-41A95DAA63B8}.Release|Any CPU.ActiveCfg = Release|Any CPU
		{0130EE10-23A8-4A15-9ADA-41A95DAA63B8}.Release|Any CPU.Build.0 = Release|Any CPU
		{7E1FF39A-12B0-4004-ADF2-1623D15C2BFE}.Debug|Any CPU.ActiveCfg = Debug|Any CPU
		{7E1FF39A-12B0-4004-ADF2-1623D15C2BFE}.Debug|Any CPU.Build.0 = Debug|Any CPU
		{7E1FF39A-12B0-4004-ADF2-1623D15C2BFE}.Release|Any CPU.ActiveCfg = Release|Any CPU
		{7E1FF39A-12B0-4004-ADF2-1623D15C2BFE}.Release|Any CPU.Build.0 = Release|Any CPU
		{74F0FA60-110A-45DC-BAF3-4017A67EEF98}.Debug|Any CPU.ActiveCfg = Debug|Any CPU
		{74F0FA60-110A-45DC-BAF3-4017A67EEF98}.Debug|Any CPU.Build.0 = Debug|Any CPU
		{74F0FA60-110A-45DC-BAF3-4017A67EEF98}.Release|Any CPU.ActiveCfg = Release|Any CPU
		{74F0FA60-110A-45DC-BAF3-4017A67EEF98}.Release|Any CPU.Build.0 = Release|Any CPU
		{5984D456-7F7A-4CDE-82D4-5FA18E568648}.Debug|Any CPU.ActiveCfg = Debug|Any CPU
		{5984D456-7F7A-4CDE-82D4-5FA18E568648}.Debug|Any CPU.Build.0 = Debug|Any CPU
		{5984D456-7F7A-4CDE-82D4-5FA18E568648}.Release|Any CPU.ActiveCfg = Release|Any CPU
		{5984D456-7F7A-4CDE-82D4-5FA18E568648}.Release|Any CPU.Build.0 = Release|Any CPU
		{82D64166-366F-4AD5-A8C7-C6E52376B020}.Debug|Any CPU.ActiveCfg = Debug|Any CPU
		{82D64166-366F-4AD5-A8C7-C6E52376B020}.Debug|Any CPU.Build.0 = Debug|Any CPU
		{82D64166-366F-4AD5-A8C7-C6E52376B020}.Release|Any CPU.ActiveCfg = Release|Any CPU
		{82D64166-366F-4AD5-A8C7-C6E52376B020}.Release|Any CPU.Build.0 = Release|Any CPU
		{5D4BD46F-81D5-4755-9C37-EAA5AF952291}.Debug|Any CPU.ActiveCfg = Debug|Any CPU
		{5D4BD46F-81D5-4755-9C37-EAA5AF952291}.Debug|Any CPU.Build.0 = Debug|Any CPU
		{5D4BD46F-81D5-4755-9C37-EAA5AF952291}.Release|Any CPU.ActiveCfg = Release|Any CPU
		{5D4BD46F-81D5-4755-9C37-EAA5AF952291}.Release|Any CPU.Build.0 = Release|Any CPU
	EndGlobalSection
	GlobalSection(SolutionProperties) = preSolution
		HideSolutionNode = FALSE
	EndGlobalSection
	GlobalSection(NestedProjects) = preSolution
		{0130EE10-23A8-4A15-9ADA-41A95DAA63B8} = {D5968CD1-0A73-4FAD-8471-50D9EB4C32AE}
		{7E1FF39A-12B0-4004-ADF2-1623D15C2BFE} = {D5968CD1-0A73-4FAD-8471-50D9EB4C32AE}
		{74F0FA60-110A-45DC-BAF3-4017A67EEF98} = {D5968CD1-0A73-4FAD-8471-50D9EB4C32AE}
		{5984D456-7F7A-4CDE-82D4-5FA18E568648} = {D5968CD1-0A73-4FAD-8471-50D9EB4C32AE}
		{82D64166-366F-4AD5-A8C7-C6E52376B020} = {D5968CD1-0A73-4FAD-8471-50D9EB4C32AE}
		{5D4BD46F-81D5-4755-9C37-EAA5AF952291} = {D5968CD1-0A73-4FAD-8471-50D9EB4C32AE}
	EndGlobalSection
EndGlobal
